{
  "name": "myblog",
  "version": "1.0.0",
  "lockfileVersion": 1,
  "requires": true,
  "dependencies": {
    "ansi-styles": {
      "version": "3.2.1",
      "resolved": "http://registry.npm.taobao.org/ansi-styles/download/ansi-styles-3.2.1.tgz?cache=0&other_urls=http%3A%2F%2Fregistry.npm.taobao.org%2Fansi-styles%2Fdownload%2Fansi-styles-3.2.1.tgz",
      "requires": {
        "color-convert": "^1.9.0"
      },
      "dependencies": {
        "color-convert": {
          "version": "http://registry.npm.taobao.org/color-convert/download/color-convert-1.9.3.tgz",
          "dependencies": {
            "color-name": {
              "version": "1.1.3",
              "resolved": "http://registry.npm.taobao.org/color-name/download/color-name-1.1.3.tgz"
            }
          }
        }
      }
    },
    "array-flatten": {
      "version": "1.1.1",
      "resolved": "http://registry.npm.taobao.org/array-flatten/download/array-flatten-1.1.1.tgz"
    },
    "body-parser": {
      "version": "1.18.3",
      "resolved": "http://registry.npm.taobao.org/body-parser/download/body-parser-1.18.3.tgz",
      "requires": {
        "content-type": "~1.0.4",
        "debug": "2.6.9",
        "depd": "~1.1.2",
        "http-errors": "~1.6.3",
        "on-finished": "~2.3.0",
        "type-is": "~1.6.16"
      },
      "dependencies": {
        "bytes": {
          "version": "http://registry.npm.taobao.org/bytes/download/bytes-3.0.0.tgz",
          "bundled": true
        },
        "content-type": {
          "version": "http://registry.npm.taobao.org/content-type/download/content-type-1.0.4.tgz",
          "bundled": true
        },
        "debug": {
          "version": "http://registry.npm.taobao.org/debug/download/debug-2.6.9.tgz?cache=0&other_urls=http%3A%2F%2Fregistry.npm.taobao.org%2Fdebug%2Fdownload%2Fdebug-2.6.9.tgz",
          "bundled": true
        },
        "depd": {
          "version": "http://registry.npm.taobao.org/depd/download/depd-1.1.2.tgz",
          "bundled": true
        },
        "http-errors": {
          "version": "http://registry.npm.taobao.org/http-errors/download/http-errors-1.6.3.tgz",
          "bundled": true,
          "dependencies": {
            "depd": {
              "version": "http://registry.npm.taobao.org/depd/download/depd-1.1.2.tgz"
            },
            "inherits": {
              "version": "http://registry.npm.taobao.org/inherits/download/inherits-2.0.3.tgz"
            },
            "setprototypeof": {
              "version": "http://registry.npm.taobao.org/setprototypeof/download/setprototypeof-1.1.0.tgz"
            },
            "statuses": {
              "version": "http://registry.npm.taobao.org/statuses/download/statuses-1.5.0.tgz"
            }
          }
        },
        "iconv-lite": {
          "version": "http://registry.npm.taobao.org/iconv-lite/download/iconv-lite-0.4.23.tgz",
          "bundled": true,
          "dependencies": {
            "safer-buffer": {
              "version": "http://registry.npm.taobao.org/safer-buffer/download/safer-buffer-2.1.2.tgz"
            }
          }
        },
        "on-finished": {
          "version": "http://registry.npm.taobao.org/on-finished/download/on-finished-2.3.0.tgz",
          "bundled": true,
          "dependencies": {
            "ee-first": {
              "version": "http://registry.npm.taobao.org/ee-first/download/ee-first-1.1.1.tgz",
              "bundled": true
            }
          }
        },
        "qs": {
          "version": "http://registry.npm.taobao.org/qs/download/qs-6.5.2.tgz",
          "bundled": true
        },
        "raw-body": {
          "version": "http://registry.npm.taobao.org/raw-body/download/raw-body-2.3.3.tgz",
          "bundled": true
        },
        "type-is": {
          "version": "http://registry.npm.taobao.org/type-is/download/type-is-1.6.16.tgz",
          "bundled": true
        }
      }
    },
    "color-convert": {
      "version": "1.9.3",
      "resolved": "http://registry.npm.taobao.org/color-convert/download/color-convert-1.9.3.tgz",
      "requires": {
        "color-name": "1.1.3"
      },
      "dependencies": {
        "color-name": {
          "version": "1.1.3",
          "resolved": "http://registry.npm.taobao.org/color-name/download/color-name-1.1.3.tgz"
        }
      }
    },
    "color-name": {
      "version": "1.1.3",
      "resolved": "http://registry.npm.taobao.org/color-name/download/color-name-1.1.3.tgz"
    },
    "config-lite": {
      "version": "2.1.0",
      "resolved": "https://registry.npmjs.org/config-lite/-/config-lite-2.1.0.tgz",
      "integrity": "sha512-eYPW4i7lDKYTo3CSutjL/v08pFZqyyhR6Ql4/X5auZqWQ+tZlWE3INSv+InzxTl6csasyQHQGudqq86kWS/JKA==",
      "requires": {
        "chalk": "2.1.0",
        "js-yaml": "3.9.1",
        "lodash": "4.17.4",
        "optimist": "0.6.1",
        "resolve": "1.4.0",
        "toml": "2.3.2"
      },
      "dependencies": {
        "ansi-styles": {
          "version": "3.2.1",
          "resolved": "https://registry.npmjs.org/ansi-styles/-/ansi-styles-3.2.1.tgz",
          "integrity": "sha512-VT0ZI6kZRdTh8YyJw3SMbYm/u+NqfsAxEpWO0Pf9sq8/e94WxxOpPKx9FR1FlyCtOVDNOQ+8ntlqFxiRc+r5qA==",
          "requires": {
            "color-convert": "^1.9.0"
          }
        },
        "chalk": {
          "version": "2.1.0",
          "resolved": "https://registry.npmjs.org/chalk/-/chalk-2.1.0.tgz",
          "integrity": "sha512-LUHGS/dge4ujbXMJrnihYMcL4AoOweGnw9Tp3kQuqy1Kx5c1qKjqvMJZ6nVJPMWJtKCTN72ZogH3oeSO9g9rXQ==",
          "requires": {
            "ansi-styles": "^3.1.0",
            "escape-string-regexp": "^1.0.5",
            "supports-color": "^4.0.0"
          }
        },
        "color-convert": {
          "version": "1.9.3",
          "resolved": "https://registry.npmjs.org/color-convert/-/color-convert-1.9.3.tgz",
          "integrity": "sha512-QfAUtd+vFdAtFQcC8CCyYt1fYWxSqAiK2cSD6zDB8N3cpsEBAvRxp9zOGg6G/SHHJYAT88/az/IuDGALsNVbGg==",
          "requires": {
            "color-name": "1.1.3"
          }
        },
        "has-flag": {
          "version": "2.0.0",
          "resolved": "https://registry.npmjs.org/has-flag/-/has-flag-2.0.0.tgz",
          "integrity": "sha1-6CB68cx7MNRGzHC3NLXovhj4jVE="
        },
        "lodash": {
          "version": "4.17.4",
          "resolved": "https://registry.npmjs.org/lodash/-/lodash-4.17.4.tgz",
          "integrity": "sha1-eCA6TRwyiuHYbcpkYONptX9AVa4="
        },
        "optimist": {
          "version": "0.6.1",
          "resolved": "https://registry.npmjs.org/optimist/-/optimist-0.6.1.tgz",
          "integrity": "sha1-2j6nRob6IaGaERwybpDrFaAZZoY=",
          "requires": {
            "minimist": "~0.0.1",
            "wordwrap": "~0.0.2"
          }
        },
        "resolve": {
          "version": "1.4.0",
          "resolved": "https://registry.npmjs.org/resolve/-/resolve-1.4.0.tgz",
          "integrity": "sha512-aW7sVKPufyHqOmyyLzg/J+8606v5nevBgaliIlV7nUpVMsDnoBGV/cbSLNjZAg9q0Cfd/+easKVKQ8vOu8fn1Q==",
          "requires": {
            "path-parse": "^1.0.5"
          }
        },
        "supports-color": {
          "version": "4.5.0",
          "resolved": "https://registry.npmjs.org/supports-color/-/supports-color-4.5.0.tgz",
          "integrity": "sha1-vnoN5ITexcXN34s9WRJQRJEvY1s=",
          "requires": {
            "has-flag": "^2.0.0"
          }
        },
        "wordwrap": {
          "version": "0.0.3",
          "resolved": "https://registry.npmjs.org/wordwrap/-/wordwrap-0.0.3.tgz",
          "integrity": "sha1-o9XabNXAvAAI03I0u68b7WMFkQc="
        }
      }
    },
    "connect-flash": {
      "version": "0.1.1",
      "resolved": "https://registry.npmjs.org/connect-flash/-/connect-flash-0.1.1.tgz",
      "integrity": "sha1-2GMPJtlaf4UfmVax6MxnMvO2qjA="
    },
    "connect-mongo": {
      "version": "2.0.3",
      "resolved": "http://registry.npm.taobao.org/connect-mongo/download/connect-mongo-2.0.3.tgz"
    },
    "content-type": {
      "version": "1.0.4",
      "resolved": "http://registry.npm.taobao.org/content-type/download/content-type-1.0.4.tgz"
    },
    "cookie": {
      "version": "0.3.1",
      "resolved": "http://registry.npm.taobao.org/cookie/download/cookie-0.3.1.tgz"
    },
    "cookie-signature": {
      "version": "1.0.6",
      "resolved": "http://registry.npm.taobao.org/cookie-signature/download/cookie-signature-1.0.6.tgz"
    },
    "debug": {
      "version": "2.6.9",
      "resolved": "http://registry.npm.taobao.org/debug/download/debug-2.6.9.tgz?cache=0&other_urls=http%3A%2F%2Fregistry.npm.taobao.org%2Fdebug%2Fdownload%2Fdebug-2.6.9.tgz",
      "requires": {
        "ms": "2.0.0"
      },
      "dependencies": {
        "ms": {
          "version": "http://registry.npm.taobao.org/ms/download/ms-2.0.0.tgz",
          "bundled": true
        }
      }
    },
    "depd": {
      "version": "1.1.2",
      "resolved": "http://registry.npm.taobao.org/depd/download/depd-1.1.2.tgz"
    },
    "destroy": {
      "version": "1.0.4",
      "resolved": "http://registry.npm.taobao.org/destroy/download/destroy-1.0.4.tgz"
    },
    "ejs": {
      "version": "2.6.1",
      "resolved": "http://registry.npm.taobao.org/ejs/download/ejs-2.6.1.tgz?cache=0&other_urls=http%3A%2F%2Fregistry.npm.taobao.org%2Fejs%2Fdownload%2Fejs-2.6.1.tgz"
    },
    "escape-string-regexp": {
      "version": "1.0.5",
      "resolved": "http://registry.npm.taobao.org/escape-string-regexp/download/escape-string-regexp-1.0.5.tgz"
    },
    "express": {
      "version": "4.16.4",
      "resolved": "https://registry.npmjs.org/express/-/express-4.16.4.tgz",
      "integrity": "sha512-j12Uuyb4FMrd/qQAm6uCHAkPtO8FDTRJZBDd5D2KOL2eLaz1yUNdUB/NOIyq0iU4q4cFarsUCrnFDPBcnksuOg==",
      "requires": {
        "accepts": "~1.3.5",
        "array-flatten": "1.1.1",
        "body-parser": "1.18.3",
        "content-disposition": "0.5.2",
        "content-type": "~1.0.4",
        "cookie": "0.3.1",
        "cookie-signature": "1.0.6",
        "debug": "2.6.9",
        "depd": "~1.1.2",
        "encodeurl": "~1.0.2",
        "escape-html": "~1.0.3",
        "etag": "~1.8.1",
        "finalhandler": "1.1.1",
        "fresh": "0.5.2",
        "merge-descriptors": "1.0.1",
        "methods": "~1.1.2",
        "on-finished": "~2.3.0",
        "parseurl": "~1.3.2",
        "path-to-regexp": "0.1.7",
        "proxy-addr": "~2.0.4",
        "qs": "6.5.2",
        "range-parser": "~1.2.0",
        "safe-buffer": "5.1.2",
        "send": "0.16.2",
        "serve-static": "1.13.2",
        "setprototypeof": "1.1.0",
        "statuses": "~1.4.0",
        "type-is": "~1.6.16",
        "utils-merge": "1.0.1",
        "vary": "~1.1.2"
      },
      "dependencies": {
        "accepts": {
          "version": "1.3.5",
          "resolved": "https://registry.npmjs.org/accepts/-/accepts-1.3.5.tgz",
          "integrity": "sha1-63d99gEXI6OxTopywIBcjoZ0a9I=",
          "requires": {
            "mime-types": "~2.1.18",
            "negotiator": "0.6.1"
          }
        },
        "content-disposition": {
          "version": "0.5.2",
          "resolved": "https://registry.npmjs.org/content-disposition/-/content-disposition-0.5.2.tgz",
          "integrity": "sha1-DPaLud318r55YcOoUXjLhdunjLQ="
        },
        "cookie": {
          "version": "0.3.1",
          "resolved": "https://registry.npmjs.org/cookie/-/cookie-0.3.1.tgz",
          "integrity": "sha1-5+Ch+e9DtMi6klxcWpboBtFoc7s="
        },
        "cookie-signature": {
          "version": "1.0.6",
          "resolved": "https://registry.npmjs.org/cookie-signature/-/cookie-signature-1.0.6.tgz",
          "integrity": "sha1-4wOogrNCzD7oylE6eZmXNNqzriw="
        },
        "encodeurl": {
          "version": "1.0.2",
          "resolved": "https://registry.npmjs.org/encodeurl/-/encodeurl-1.0.2.tgz",
          "integrity": "sha1-rT/0yG7C0CkyL1oCw6mmBslbP1k="
        },
        "escape-html": {
          "version": "1.0.3",
          "resolved": "https://registry.npmjs.org/escape-html/-/escape-html-1.0.3.tgz",
          "integrity": "sha1-Aljq5NPQwJdN4cFpGI7wBR0dGYg="
        },
        "etag": {
          "version": "1.8.1",
          "resolved": "https://registry.npmjs.org/etag/-/etag-1.8.1.tgz",
          "integrity": "sha1-Qa4u62XvpiJorr/qg6x9eSmbCIc="
        },
        "finalhandler": {
          "version": "1.1.1",
          "resolved": "https://registry.npmjs.org/finalhandler/-/finalhandler-1.1.1.tgz",
          "integrity": "sha512-Y1GUDo39ez4aHAw7MysnUD5JzYX+WaIj8I57kO3aEPT1fFRL4sr7mjei97FgnwhAyyzRYmQZaTHb2+9uZ1dPtg==",
          "requires": {
            "debug": "2.6.9",
            "encodeurl": "~1.0.2",
            "escape-html": "~1.0.3",
            "on-finished": "~2.3.0",
            "parseurl": "~1.3.2",
            "statuses": "~1.4.0",
            "unpipe": "~1.0.0"
          }
        },
        "forwarded": {
          "version": "0.1.2",
          "resolved": "https://registry.npmjs.org/forwarded/-/forwarded-0.1.2.tgz",
          "integrity": "sha1-mMI9qxF1ZXuMBXPozszZGw/xjIQ="
        },
        "fresh": {
          "version": "0.5.2",
          "resolved": "https://registry.npmjs.org/fresh/-/fresh-0.5.2.tgz",
          "integrity": "sha1-PYyt2Q2XZWn6g1qx+OSyOhBWBac="
        },
        "merge-descriptors": {
          "version": "1.0.1",
          "resolved": "https://registry.npmjs.org/merge-descriptors/-/merge-descriptors-1.0.1.tgz",
          "integrity": "sha1-sAqqVW3YtEVoFQ7J0blT8/kMu2E="
        },
        "methods": {
          "version": "1.1.2",
          "resolved": "https://registry.npmjs.org/methods/-/methods-1.1.2.tgz",
          "integrity": "sha1-VSmk1nZUE07cxSZmVoNbD4Ua/O4="
        },
        "negotiator": {
          "version": "0.6.1",
          "resolved": "https://registry.npmjs.org/negotiator/-/negotiator-0.6.1.tgz",
          "integrity": "sha1-KzJxhOiZIQEXeyhWP7XnECrNDKk="
        },
        "proxy-addr": {
          "version": "2.0.4",
          "resolved": "https://registry.npmjs.org/proxy-addr/-/proxy-addr-2.0.4.tgz",
          "integrity": "sha512-5erio2h9jp5CHGwcybmxmVqHmnCBZeewlfJ0pex+UW7Qny7OOZXTtH56TGNyBizkgiOwhJtMKrVzDTeKcySZwA==",
          "requires": {
            "forwarded": "~0.1.2",
            "ipaddr.js": "1.8.0"
          }
        },
        "qs": {
          "version": "6.5.2",
          "resolved": "https://registry.npmjs.org/qs/-/qs-6.5.2.tgz",
          "integrity": "sha512-N5ZAX4/LxJmF+7wN74pUD6qAh9/wnvdQcjq9TZjevvXzSUo7bfmw91saqMjzGS2xq91/odN2dW/WOl7qQHNDGA=="
        },
        "safe-buffer": {
          "version": "5.1.2",
          "resolved": "https://registry.npmjs.org/safe-buffer/-/safe-buffer-5.1.2.tgz",
          "integrity": "sha512-Gd2UZBJDkXlY7GbJxfsE8/nvKkUEU1G38c1siN6QP6a9PT9MmHB8GnpscSmMJSoF8LOIrt8ud/wPtojys4G6+g=="
        },
        "send": {
          "version": "0.16.2",
          "resolved": "https://registry.npmjs.org/send/-/send-0.16.2.tgz",
          "integrity": "sha512-E64YFPUssFHEFBvpbbjr44NCLtI1AohxQ8ZSiJjQLskAdKuriYEP6VyGEsRDH8ScozGpkaX1BGvhanqCwkcEZw==",
          "requires": {
            "debug": "2.6.9",
            "depd": "~1.1.2",
            "destroy": "~1.0.4",
            "encodeurl": "~1.0.2",
            "escape-html": "~1.0.3",
            "etag": "~1.8.1",
            "fresh": "0.5.2",
            "http-errors": "~1.6.2",
            "mime": "1.4.1",
            "ms": "2.0.0",
            "on-finished": "~2.3.0",
            "range-parser": "~1.2.0",
            "statuses": "~1.4.0"
          }
        },
        "statuses": {
          "version": "1.4.0",
          "resolved": "https://registry.npmjs.org/statuses/-/statuses-1.4.0.tgz",
          "integrity": "sha512-zhSCtt8v2NDrRlPQpCNtw/heZLtfUDqxBM1udqikb/Hbk52LK4nQSwr10u77iopCW5LsyHpuXS0GnEc48mLeew=="
        },
        "utils-merge": {
          "version": "1.0.1",
          "resolved": "https://registry.npmjs.org/utils-merge/-/utils-merge-1.0.1.tgz",
          "integrity": "sha1-n5VxD1CiZ5R7LMwSR0HBAoQn5xM="
        }
      }
    },
    "express-formidable": {
      "version": "1.2.0",
      "resolved": "https://github.com/utatti/express-formidable.git#master",
      "dependencies": {
        "formidable": {
          "version": "http://registry.npm.taobao.org/formidable/download/formidable-1.2.1.tgz"
        }
      }
    },
    "express-session": {
      "version": "1.16.1",
      "resolved": "https://registry.npmjs.org/express-session/-/express-session-1.16.1.tgz",
      "integrity": "sha512-pWvUL8Tl5jUy1MLH7DhgUlpoKeVPUTe+y6WQD9YhcN0C5qAhsh4a8feVjiUXo3TFhIy191YGZ4tewW9edbl2xQ==",
      "requires": {
        "cookie": "0.3.1",
        "cookie-signature": "1.0.6",
        "debug": "2.6.9",
        "depd": "~2.0.0",
        "on-headers": "~1.0.2",
        "parseurl": "~1.3.2",
        "safe-buffer": "5.1.2",
        "uid-safe": "~2.1.5"
      },
      "dependencies": {
        "depd": {
          "version": "2.0.0",
          "resolved": "https://registry.npmjs.org/depd/-/depd-2.0.0.tgz",
          "integrity": "sha512-g7nH6P6dyDioJogAAGprGpCtVImJhpPk/roCzdb3fIh61/s/nPsfR6onyMwkCAR/OlC3yBC0lESvUoQEAssIrw=="
        },
        "random-bytes": {
          "version": "1.0.0",
          "resolved": "https://registry.npmjs.org/random-bytes/-/random-bytes-1.0.0.tgz",
          "integrity": "sha1-T2ih3Arli9P7lYSMMDJNt11kNgs="
        },
        "uid-safe": {
          "version": "2.1.5",
          "resolved": "https://registry.npmjs.org/uid-safe/-/uid-safe-2.1.5.tgz",
          "integrity": "sha512-KPHm4VL5dDXKz01UuEd88Df+KzynaohSL9fBh096KWAxSKZQDI2uBrVqtvRM4rwrIrRRKsdLNML/lnaaVSRioA==",
          "requires": {
            "random-bytes": "~1.0.0"
          }
        }
      }
    },
    "express-winston": {
      "version": "3.1.0",
      "resolved": "https://registry.npmjs.org/express-winston/-/express-winston-3.1.0.tgz",
      "integrity": "sha512-bVhg0vOqz5GvzukgNDK562rA/8rvKarlemu139mczUkHWOwj+LZ8Zvby6lLa2aGDiEDtRDCKdXqUlgPk+v9o1g==",
      "requires": {
        "chalk": "^2.4.1",
        "lodash": "^4.17.10"
      },
      "dependencies": {
        "chalk": {
          "version": "2.4.2",
          "resolved": "https://registry.npmjs.org/chalk/-/chalk-2.4.2.tgz",
          "integrity": "sha512-Mti+f9lpJNcwF4tWV8/OrTTtF1gZi+f8FqlyAdouralcFWFQWF2+NgCHShjkCb+IFBLq9buZwE1xckQU4peSuQ==",
          "requires": {
            "ansi-styles": "^3.2.1",
            "escape-string-regexp": "^1.0.5",
            "supports-color": "^5.3.0"
          }
        },
        "has-flag": {
          "version": "3.0.0",
          "resolved": "https://registry.npmjs.org/has-flag/-/has-flag-3.0.0.tgz",
          "integrity": "sha1-tdRU3CGZriJWmfNGfloH87lVuv0="
        },
        "lodash": {
          "version": "4.17.11",
          "resolved": "https://registry.npmjs.org/lodash/-/lodash-4.17.11.tgz",
          "integrity": "sha512-cQKh8igo5QUhZ7lg38DYWAxMvjSAKG0A8wGSVimP07SIUEK2UO+arSRKbRZWtelMtN5V0Hkwh5ryOto/SshYIg=="
        },
        "supports-color": {
          "version": "5.5.0",
          "resolved": "https://registry.npmjs.org/supports-color/-/supports-color-5.5.0.tgz",
          "integrity": "sha512-QjVjwdXIt408MIiAqCX4oUKsgU2EqAGzs2Ppkm4aQYbjm+ZEWEcW4SfFNTr4uMNZma0ey4f5lgLrkB0aX0QMow==",
          "requires": {
            "has-flag": "^3.0.0"
          }
        }
      }
    },
    "http-errors": {
      "version": "1.6.3",
      "resolved": "http://registry.npm.taobao.org/http-errors/download/http-errors-1.6.3.tgz",
      "requires": {
        "depd": "~1.1.2",
        "inherits": "2.0.3",
        "setprototypeof": "1.1.0",
        "statuses": ">= 1.4.0 < 2"
      },
      "dependencies": {
        "depd": {
          "version": "http://registry.npm.taobao.org/depd/download/depd-1.1.2.tgz"
        },
        "inherits": {
          "version": "http://registry.npm.taobao.org/inherits/download/inherits-2.0.3.tgz"
        },
        "setprototypeof": {
          "version": "http://registry.npm.taobao.org/setprototypeof/download/setprototypeof-1.1.0.tgz"
        },
        "statuses": {
          "version": "http://registry.npm.taobao.org/statuses/download/statuses-1.5.0.tgz"
        }
      }
    },
    "inherits": {
      "version": "2.0.3",
      "resolved": "http://registry.npm.taobao.org/inherits/download/inherits-2.0.3.tgz"
    },
    "ipaddr.js": {
      "version": "1.8.0",
      "resolved": "http://registry.npm.taobao.org/ipaddr.js/download/ipaddr.js-1.8.0.tgz"
    },
    "js-yaml": {
      "version": "3.9.1",
      "resolved": "http://registry.npm.taobao.org/js-yaml/download/js-yaml-3.9.1.tgz?cache=0&other_urls=http%3A%2F%2Fregistry.npm.taobao.org%2Fjs-yaml%2Fdownload%2Fjs-yaml-3.9.1.tgz",
      "dependencies": {
        "argparse": {
          "version": "http://registry.npm.taobao.org/argparse/download/argparse-1.0.10.tgz",
          "bundled": true
        },
        "esprima": {
          "version": "http://registry.npm.taobao.org/esprima/download/esprima-4.0.1.tgz",
          "bundled": true
        }
      }
    },
    "marked": {
      "version": "0.6.2",
      "resolved": "http://registry.npm.taobao.org/marked/download/marked-0.6.2.tgz?cache=0&other_urls=http%3A%2F%2Fregistry.npm.taobao.org%2Fmarked%2Fdownload%2Fmarked-0.6.2.tgz"
    },
    "media-typer": {
      "version": "0.3.0",
      "resolved": "http://registry.npm.taobao.org/media-typer/download/media-typer-0.3.0.tgz"
    },
    "mime": {
      "version": "1.4.1",
      "resolved": "http://registry.npm.taobao.org/mime/download/mime-1.4.1.tgz"
    },
    "mime-types": {
      "version": "2.1.22",
      "resolved": "http://registry.npm.taobao.org/mime-types/download/mime-types-2.1.22.tgz",
      "dependencies": {
        "mime-db": {
          "version": "http://registry.npm.taobao.org/mime-db/download/mime-db-1.38.0.tgz",
          "bundled": true
        }
      }
    },
    "minimist": {
      "version": "0.0.10",
      "resolved": "http://registry.npm.taobao.org/minimist/download/minimist-0.0.10.tgz"
    },
    "moment": {
      "version": "2.24.0",
      "resolved": "https://registry.npmjs.org/moment/-/moment-2.24.0.tgz",
      "integrity": "sha512-bV7f+6l2QigeBBZSM/6yTNq4P2fNpSWj/0e7jQcy87A8e7o2nAfP/34/2ky5Vw4B9S446EtIhodAzkFCcR4dQg=="
    },
    "mongolass": {
      "version": "4.4.2",
      "resolved": "http://registry.npm.taobao.org/mongolass/download/mongolass-4.4.2.tgz",
      "dependencies": {
        "another-json-schema": {
          "version": "http://registry.npm.taobao.org/another-json-schema/download/another-json-schema-3.8.2.tgz",
          "bundled": true,
          "dependencies": {
            "mongodb": {
              "version": "http://registry.npm.taobao.org/mongodb/download/mongodb-3.1.10.tgz"
            },
            "validator": {
              "version": "http://registry.npm.taobao.org/validator/download/validator-10.10.0.tgz?cache=0&other_urls=http%3A%2F%2Fregistry.npm.taobao.org%2Fvalidator%2Fdownload%2Fvalidator-10.10.0.tgz"
            }
          }
        },
        "debug": {
          "version": "http://registry.npm.taobao.org/debug/download/debug-4.1.1.tgz",
          "bundled": true
        },
        "inflected": {
          "version": "http://registry.npm.taobao.org/inflected/download/inflected-2.0.4.tgz",
          "bundled": true
        },
        "lodash": {
          "version": "http://registry.npm.taobao.org/lodash/download/lodash-4.17.11.tgz",
          "bundled": true
        },
        "mongodb": {
          "version": "http://registry.npm.taobao.org/mongodb/download/mongodb-3.1.13.tgz",
          "bundled": true,
          "dependencies": {
            "mongodb-core": {
              "version": "http://registry.npm.taobao.org/mongodb-core/download/mongodb-core-3.1.11.tgz"
            },
            "safe-buffer": {
              "version": "http://registry.npm.taobao.org/safe-buffer/download/safe-buffer-5.1.2.tgz"
            }
          }
        },
        "mongolass-plugin-populate": {
          "version": "http://registry.npm.taobao.org/mongolass-plugin-populate/download/mongolass-plugin-populate-0.3.0.tgz",
          "bundled": true
        },
        "muri": {
          "version": "http://registry.npm.taobao.org/muri/download/muri-1.3.0.tgz",
          "bundled": true
        },
        "validator": {
          "version": "http://registry.npm.taobao.org/validator/download/validator-10.10.0.tgz?cache=0&other_urls=http%3A%2F%2Fregistry.npm.taobao.org%2Fvalidator%2Fdownload%2Fvalidator-10.10.0.tgz",
          "bundled": true
        }
      }
    },
    "ms": {
      "version": "2.0.0",
      "resolved": "http://registry.npm.taobao.org/ms/download/ms-2.0.0.tgz"
    },
    "objectid-to-timestamp": {
      "version": "1.3.0",
      "resolved": "http://registry.npm.taobao.org/objectid-to-timestamp/download/objectid-to-timestamp-1.3.0.tgz"
    },
    "on-finished": {
      "version": "2.3.0",
      "resolved": "http://registry.npm.taobao.org/on-finished/download/on-finished-2.3.0.tgz",
      "dependencies": {
        "ee-first": {
          "version": "http://registry.npm.taobao.org/ee-first/download/ee-first-1.1.1.tgz",
          "bundled": true
        }
      }
    },
    "on-headers": {
      "version": "1.0.2",
      "resolved": "http://registry.npm.taobao.org/on-headers/download/on-headers-1.0.2.tgz"
    },
    "parseurl": {
      "version": "1.3.2",
      "resolved": "http://registry.npm.taobao.org/parseurl/download/parseurl-1.3.2.tgz"
    },
    "path-parse": {
      "version": "1.0.6",
      "resolved": "http://registry.npm.taobao.org/path-parse/download/path-parse-1.0.6.tgz"
    },
    "path-to-regexp": {
      "version": "0.1.7",
      "resolved": "http://registry.npm.taobao.org/path-to-regexp/download/path-to-regexp-0.1.7.tgz"
    },
    "range-parser": {
      "version": "1.2.0",
      "resolved": "http://registry.npm.taobao.org/range-parser/download/range-parser-1.2.0.tgz"
    },
    "safe-buffer": {
      "version": "5.1.2",
      "resolved": "http://registry.npm.taobao.org/safe-buffer/download/safe-buffer-5.1.2.tgz"
    },
    "serve-static": {
      "version": "1.13.2",
      "resolved": "http://registry.npm.taobao.org/serve-static/download/serve-static-1.13.2.tgz",
      "requires": {
        "parseurl": "~1.3.2"
      },
      "dependencies": {
        "encodeurl": {
          "version": "http://registry.npm.taobao.org/encodeurl/download/encodeurl-1.0.2.tgz",
          "bundled": true
        },
        "escape-html": {
          "version": "http://registry.npm.taobao.org/escape-html/download/escape-html-1.0.3.tgz",
          "bundled": true
        },
        "parseurl": {
          "version": "http://registry.npm.taobao.org/parseurl/download/parseurl-1.3.2.tgz",
          "bundled": true
        },
        "send": {
          "version": "http://registry.npm.taobao.org/send/download/send-0.16.2.tgz",
          "bundled": true,
          "dependencies": {
            "debug": {
              "version": "http://registry.npm.taobao.org/debug/download/debug-2.6.9.tgz?cache=0&other_urls=http%3A%2F%2Fregistry.npm.taobao.org%2Fdebug%2Fdownload%2Fdebug-2.6.9.tgz",
              "dependencies": {
                "ms": {
                  "version": "http://registry.npm.taobao.org/ms/download/ms-2.0.0.tgz",
                  "bundled": true
                }
              }
            },
            "depd": {
              "version": "http://registry.npm.taobao.org/depd/download/depd-1.1.2.tgz"
            },
            "destroy": {
              "version": "http://registry.npm.taobao.org/destroy/download/destroy-1.0.4.tgz"
            },
            "encodeurl": {
              "version": "http://registry.npm.taobao.org/encodeurl/download/encodeurl-1.0.2.tgz"
            },
            "escape-html": {
              "version": "http://registry.npm.taobao.org/escape-html/download/escape-html-1.0.3.tgz"
            },
            "etag": {
              "version": "http://registry.npm.taobao.org/etag/download/etag-1.8.1.tgz"
            },
            "fresh": {
              "version": "http://registry.npm.taobao.org/fresh/download/fresh-0.5.2.tgz"
            },
            "http-errors": {
              "version": "http://registry.npm.taobao.org/http-errors/download/http-errors-1.6.3.tgz"
            },
            "mime": {
              "version": "http://registry.npm.taobao.org/mime/download/mime-1.4.1.tgz"
            },
            "ms": {
              "version": "http://registry.npm.taobao.org/ms/download/ms-2.0.0.tgz"
            },
            "on-finished": {
              "version": "http://registry.npm.taobao.org/on-finished/download/on-finished-2.3.0.tgz",
              "dependencies": {
                "ee-first": {
                  "version": "http://registry.npm.taobao.org/ee-first/download/ee-first-1.1.1.tgz",
                  "bundled": true
                }
              }
            },
            "range-parser": {
              "version": "http://registry.npm.taobao.org/range-parser/download/range-parser-1.2.0.tgz"
            },
            "statuses": {
              "version": "http://registry.npm.taobao.org/statuses/download/statuses-1.4.0.tgz"
            }
          }
        }
      }
    },
    "setprototypeof": {
      "version": "1.1.0",
      "resolved": "http://registry.npm.taobao.org/setprototypeof/download/setprototypeof-1.1.0.tgz"
    },
    "sha1": {
      "version": "1.1.1",
      "resolved": "http://registry.npm.taobao.org/sha1/download/sha1-1.1.1.tgz",
      "dependencies": {
        "charenc": {
          "version": "http://registry.npm.taobao.org/charenc/download/charenc-0.0.2.tgz",
          "bundled": true
        },
        "crypt": {
          "version": "http://registry.npm.taobao.org/crypt/download/crypt-0.0.2.tgz",
          "bundled": true
        }
      }
    },
    "statuses": {
      "version": "1.5.0",
      "resolved": "http://registry.npm.taobao.org/statuses/download/statuses-1.5.0.tgz"
    },
    "toml": {
      "version": "2.3.2",
      "resolved": "http://registry.npm.taobao.org/toml/download/toml-2.3.2.tgz?cache=0&other_urls=http%3A%2F%2Fregistry.npm.taobao.org%2Ftoml%2Fdownload%2Ftoml-2.3.2.tgz"
    },
    "type-is": {
      "version": "1.6.16",
      "resolved": "http://registry.npm.taobao.org/type-is/download/type-is-1.6.16.tgz",
      "requires": {
        "media-typer": "0.3.0",
        "mime-types": "~2.1.18"
      },
      "dependencies": {
        "media-typer": {
          "version": "http://registry.npm.taobao.org/media-typer/download/media-typer-0.3.0.tgz",
          "bundled": true
        },
        "mime-types": {
          "version": "http://registry.npm.taobao.org/mime-types/download/mime-types-2.1.22.tgz",
          "bundled": true,
          "dependencies": {
            "mime-db": {
              "version": "http://registry.npm.taobao.org/mime-db/download/mime-db-1.38.0.tgz",
              "bundled": true
            }
          }
        }
      }
    },
    "unpipe": {
      "version": "1.0.0",
      "resolved": "http://registry.npm.taobao.org/unpipe/download/unpipe-1.0.0.tgz"
    },
    "vary": {
      "version": "1.1.2",
      "resolved": "http://registry.npm.taobao.org/vary/download/vary-1.1.2.tgz"
    },
    "winston": {
      "version": "3.2.1",
      "resolved": "http://registry.npm.taobao.org/winston/download/winston-3.2.1.tgz",
      "dependencies": {
        "async": {
          "version": "http://registry.npm.taobao.org/async/download/async-2.6.2.tgz",
          "bundled": true
        },
        "diagnostics": {
          "version": "http://registry.npm.taobao.org/diagnostics/download/diagnostics-1.1.1.tgz",
          "bundled": true,
          "dependencies": {
            "colorspace": {
              "version": "http://registry.npm.taobao.org/colorspace/download/colorspace-1.1.1.tgz",
              "dependencies": {
                "color": {
                  "version": "http://registry.npm.taobao.org/color/download/color-3.0.0.tgz",
                  "dependencies": {
                    "color-convert": {
                      "version": "http://registry.npm.taobao.org/color-convert/download/color-convert-1.9.3.tgz",
                      "dependencies": {
                        "color-name": {
                          "version": "1.1.3",
                          "resolved": "http://registry.npm.taobao.org/color-name/download/color-name-1.1.3.tgz"
                        }
                      }
                    },
                    "color-string": {
                      "version": "http://registry.npm.taobao.org/color-string/download/color-string-1.5.3.tgz"
                    }
                  }
                },
                "text-hex": {
                  "version": "http://registry.npm.taobao.org/text-hex/download/text-hex-1.0.0.tgz"
                }
              }
            },
            "enabled": {
              "version": "http://registry.npm.taobao.org/enabled/download/enabled-1.0.2.tgz"
            },
            "kuler": {
              "version": "http://registry.npm.taobao.org/kuler/download/kuler-1.0.1.tgz"
            }
          }
        },
        "is-stream": {
          "version": "http://registry.npm.taobao.org/is-stream/download/is-stream-1.1.0.tgz",
          "bundled": true
        },
        "logform": {
          "version": "http://registry.npm.taobao.org/logform/download/logform-2.1.2.tgz",
          "bundled": true
        },
        "one-time": {
          "version": "http://registry.npm.taobao.org/one-time/download/one-time-0.0.4.tgz",
          "bundled": true
        },
        "readable-stream": {
          "version": "http://registry.npm.taobao.org/readable-stream/download/readable-stream-3.3.0.tgz",
          "bundled": true
        },
        "stack-trace": {
          "version": "http://registry.npm.taobao.org/stack-trace/download/stack-trace-0.0.10.tgz",
          "bundled": true
        },
        "triple-beam": {
          "version": "http://registry.npm.taobao.org/triple-beam/download/triple-beam-1.3.0.tgz",
          "bundled": true
        },
        "winston-transport": {
          "version": "http://registry.npm.taobao.org/winston-transport/download/winston-transport-4.3.0.tgz",
          "bundled": true
        }
      }
    }
  }
}
